
Microsoft Visual Studio Solution File, Format Version 12.00
# Visual Studio 15
VisualStudioVersion = 15.0.28307.645
MinimumVisualStudioVersion = 10.0.40219.1
Project("{FAE04EC0-301F-11D3-BF4B-00C04F79EFBC}") = "Homework6_BdayCard", "Homework6_BdayCard\Homework6_BdayCard.csproj", "{92D49805-F484-4C7D-A523-92C39A273B1F}"
EndProject
Global
	GlobalSection(SolutionConfigurationPlatforms) = preSolution
		Debug|Any CPU = Debug|Any CPU
		Release|Any CPU = Release|Any CPU
	EndGlobalSection
	GlobalSection(ProjectConfigurationPlatforms) = postSolution
		{92D49805-F484-4C7D-A523-92C39A273B1F}.Debug|Any CPU.ActiveCfg = Debug|Any CPU
		{92D49805-F484-4C7D-A523-92C39A273B1F}.Debug|Any CPU.Build.0 = Debug|Any CPU
		{92D49805-F484-4C7D-A523-92C39A273B1F}.Release|Any CPU.ActiveCfg = Release|Any CPU
		{92D49805-F484-4C7D-A523-92C39A273B1F}.Release|Any CPU.Build.0 = Release|Any CPU
	EndGlobalSection
	GlobalSection(SolutionProperties) = preSolution
		HideSolutionNode = FALSE
	EndGlobalSection
	GlobalSection(ExtensibilityGlobals) = postSolution
		SolutionGuid = {5189663A-4BCC-4631-A7BB-C000F779942E}
	EndGlobalSection
EndGlobal
